
Microsoft Visual Studio Solution File, Format Version 12.00
# Visual Studio Version 17
VisualStudioVersion = 17.7.34024.191
MinimumVisualStudioVersion = 10.0.40219.1
Project("{FAE04EC0-301F-11D3-BF4B-00C04F79EFBC}") = "AjaxAppExample", "AjaxAppExample\AjaxAppExample.csproj", "{AFB8A25C-5D86-4B05-8AAF-31F9CC8FE89C}"
EndProject
Global
	GlobalSection(SolutionConfigurationPlatforms) = preSolution
		Debug|Any CPU = Debug|Any CPU
		Release|Any CPU = Release|Any CPU
	EndGlobalSection
	GlobalSection(ProjectConfigurationPlatforms) = postSolution
		{AFB8A25C-5D86-4B05-8AAF-31F9CC8FE89C}.Debug|Any CPU.ActiveCfg = Debug|Any CPU
		{AFB8A25C-5D86-4B05-8AAF-31F9CC8FE89C}.Debug|Any CPU.Build.0 = Debug|Any CPU
		{AFB8A25C-5D86-4B05-8AAF-31F9CC8FE89C}.Release|Any CPU.ActiveCfg = Release|Any CPU
		{AFB8A25C-5D86-4B05-8AAF-31F9CC8FE89C}.Release|Any CPU.Build.0 = Release|Any CPU
	EndGlobalSection
	GlobalSection(SolutionProperties) = preSolution
		HideSolutionNode = FALSE
	EndGlobalSection
	GlobalSection(ExtensibilityGlobals) = postSolution
		SolutionGuid = {0B4C8160-B355-443B-BB90-062FAB7A9556}
	EndGlobalSection
EndGlobal
